
Microsoft Visual Studio Solution File, Format Version 12.00
# Visual Studio Version 17
VisualStudioVersion = 17.2.32602.215
MinimumVisualStudioVersion = 10.0.40219.1
Project("{FAE04EC0-301F-11D3-BF4B-00C04F79EFBC}") = "SecondGitLab", "SecondGitLab.csproj", "{D0179D8A-D39E-4DB5-8FC1-DA29FD9F7A97}"
EndProject
Global
	GlobalSection(SolutionConfigurationPlatforms) = preSolution
		Debug|Any CPU = Debug|Any CPU
		Release|Any CPU = Release|Any CPU
	EndGlobalSection
	GlobalSection(ProjectConfigurationPlatforms) = postSolution
		{D0179D8A-D39E-4DB5-8FC1-DA29FD9F7A97}.Debug|Any CPU.ActiveCfg = Debug|Any CPU
		{D0179D8A-D39E-4DB5-8FC1-DA29FD9F7A97}.Debug|Any CPU.Build.0 = Debug|Any CPU
		{D0179D8A-D39E-4DB5-8FC1-DA29FD9F7A97}.Release|Any CPU.ActiveCfg = Release|Any CPU
		{D0179D8A-D39E-4DB5-8FC1-DA29FD9F7A97}.Release|Any CPU.Build.0 = Release|Any CPU
	EndGlobalSection
	GlobalSection(SolutionProperties) = preSolution
		HideSolutionNode = FALSE
	EndGlobalSection
	GlobalSection(ExtensibilityGlobals) = postSolution
		SolutionGuid = {C77C89BD-09C9-48DB-AF50-134C2EAD55B7}
	EndGlobalSection
EndGlobal
